PODS:
  - Bolts (1.9.0):
    - Bolts/AppLinks (= 1.9.0)
    - Bolts/Tasks (= 1.9.0)
  - Bolts/AppLinks (1.9.0):
    - Bolts/Tasks
  - Bolts/Tasks (1.9.0)
  - BoringSSL-GRPC (0.0.2):
    - BoringSSL-GRPC/Implementation (= 0.0.2)
    - BoringSSL-GRPC/Interface (= 0.0.2)
  - BoringSSL-GRPC/Implementation (0.0.2):
    - BoringSSL-GRPC/Interface (= 0.0.2)
  - BoringSSL-GRPC/Interface (0.0.2)
  - CodableFirebase (0.2.1)
  - CryptoSwift (0.14.0)
  - FacebookCore (0.5.0):
    - Bolts (~> 1.9)
    - FBSDKCoreKit (~> 4.37)
  - FacebookLogin (0.5.0):
    - Bolts (~> 1.9)
    - FacebookCore (~> 0.5)
    - FBSDKCoreKit (~> 4.37)
    - FBSDKLoginKit (~> 4.37)
  - FacebookShare (0.5.0):
    - Bolts (~> 1.9)
    - FacebookCore (~> 0.5)
    - FBSDKCoreKit (~> 4.37)
    - FBSDKShareKit (~> 4.37)
  - FBSDKCoreKit (4.40.0):
    - Bolts (~> 1.9)
  - FBSDKLoginKit (4.40.0):
    - FBSDKCoreKit
  - FBSDKShareKit (4.40.0):
    - FBSDKCoreKit
  - Firebase (5.4.1):
    - Firebase/Core (= 5.4.1)
  - Firebase/Auth (5.4.1):
    - Firebase/CoreOnly
    - FirebaseAuth (= 5.0.2)
  - Firebase/Core (5.4.1):
    - Firebase/CoreOnly
    - FirebaseAnalytics (= 5.0.1)
  - Firebase/CoreOnly (5.4.1):
    - FirebaseCore (= 5.0.6)
  - Firebase/Database (5.4.1):
    - Firebase/CoreOnly
    - FirebaseDatabase (= 5.0.2)
  - Firebase/Firestore (5.4.1):
    - Firebase/CoreOnly
    - FirebaseFirestore (= 0.12.6)
  - Firebase/Storage (5.4.1):
    - Firebase/CoreOnly
    - FirebaseStorage (= 3.0.0)
  - FirebaseAnalytics (5.0.1):
    - FirebaseCore (~> 5.0)
    - FirebaseInstanceID (~> 3.0)
    - "GoogleToolboxForMac/NSData+zlib (~> 2.1)"
    - nanopb (~> 0.3)
  - FirebaseAuth (5.0.2):
    - FirebaseCore (~> 5.0)
    - GTMSessionFetcher/Core (~> 1.1)
  - FirebaseCore (5.0.6):
    - "GoogleToolboxForMac/NSData+zlib (~> 2.1)"
  - FirebaseDatabase (5.0.2):
    - FirebaseCore (~> 5.0)
    - leveldb-library (~> 1.18)
  - FirebaseFirestore (0.12.6):
    - FirebaseCore (~> 5.0)
    - FirebaseFirestore/abseil-cpp (= 0.12.6)
    - gRPC-ProtoRPC (~> 1.0)
    - leveldb-library (~> 1.18)
    - nanopb (~> 0.3.8)
    - Protobuf (~> 3.1)
  - FirebaseFirestore/abseil-cpp (0.12.6):
    - FirebaseCore (~> 5.0)
    - gRPC-ProtoRPC (~> 1.0)
    - leveldb-library (~> 1.18)
    - nanopb (~> 0.3.8)
    - Protobuf (~> 3.1)
  - FirebaseInstanceID (3.1.1):
    - FirebaseCore (~> 5.0)
  - FirebaseStorage (3.0.0):
    - FirebaseCore (~> 5.0)
    - GTMSessionFetcher/Core (~> 1.1)
  - GeoFire (3.0.0):
    - Firebase/Database (~> 5.0)
  - Geofirestore (0.1.0):
    - Firebase (~> 5.4)
    - FirebaseCore (~> 5.0.3)
    - FirebaseFirestore (~> 0.12.3)
    - GeoFire (~> 3.0)
  - GoogleToolboxForMac/Defines (2.2.0)
  - "GoogleToolboxForMac/NSData+zlib (2.2.0)":
    - GoogleToolboxForMac/Defines (= 2.2.0)
  - gRPC (1.18.0):
    - gRPC-RxLibrary (= 1.18.0)
    - gRPC/Main (= 1.18.0)
  - gRPC-Core (1.18.0):
    - gRPC-Core/Implementation (= 1.18.0)
    - gRPC-Core/Interface (= 1.18.0)
  - gRPC-Core/Implementation (1.18.0):
    - BoringSSL-GRPC (= 0.0.2)
    - gRPC-Core/Interface (= 1.18.0)
    - nanopb (~> 0.3)
  - gRPC-Core/Interface (1.18.0)
  - gRPC-ProtoRPC (1.18.0):
    - gRPC-ProtoRPC/Main (= 1.18.0)
  - gRPC-ProtoRPC/Main (1.18.0):
    - gRPC (= 1.18.0)
    - gRPC-RxLibrary (= 1.18.0)
    - Protobuf (~> 3.0)
  - gRPC-RxLibrary (1.18.0)
  - gRPC/Main (1.18.0):
    - gRPC-Core (= 1.18.0)
    - gRPC-RxLibrary (= 1.18.0)
  - GTMSessionFetcher/Core (1.2.1)
  - leveldb-library (1.20)
  - MessageInputBar/Core (0.4.1)
  - MessageKit (2.0.0):
    - MessageInputBar/Core
  - nanopb (0.3.901):
    - nanopb/decode (= 0.3.901)
    - nanopb/encode (= 0.3.901)
  - nanopb/decode (0.3.901)
  - nanopb/encode (0.3.901)
  - Protobuf (3.6.1)

DEPENDENCIES:
  - CodableFirebase
  - CryptoSwift
  - FacebookCore
  - FacebookLogin
  - FacebookShare
  - Firebase/Auth
  - Firebase/Core
  - Firebase/Firestore
  - Firebase/Storage
  - Geofirestore
  - MessageKit

SPEC REPOS:
  https://github.com/cocoapods/specs.git:
    - Bolts
    - BoringSSL-GRPC
    - CodableFirebase
    - CryptoSwift
    - FacebookCore
    - FacebookLogin
    - FacebookShare
    - FBSDKCoreKit
    - FBSDKLoginKit
    - FBSDKShareKit
    - Firebase
    - FirebaseAnalytics
    - FirebaseAuth
    - FirebaseCore
    - FirebaseDatabase
    - FirebaseFirestore
    - FirebaseInstanceID
    - FirebaseStorage
    - GeoFire
    - Geofirestore
    - GoogleToolboxForMac
    - gRPC
    - gRPC-Core
    - gRPC-ProtoRPC
    - gRPC-RxLibrary
    - GTMSessionFetcher
    - leveldb-library
    - MessageInputBar
    - MessageKit
    - nanopb
    - Protobuf

SPEC CHECKSUMS:
  Bolts: ac6567323eac61e203f6a9763667d0f711be34c8
  BoringSSL-GRPC: 2a230d9cd93e7ce39916044f645cebb31f37dde6
  CodableFirebase: 0bf201991eeec35eb9fcd987d271ea463cf34a80
  CryptoSwift: 35a10419f4dbf0619c13f8c1c180037e115323fa
  FacebookCore: 74288d0add931d361b1596beae787ab72c438249
  FacebookLogin: ebcf34714a1cb9f0759d9f071cfb01ed500996cf
  FacebookShare: 963b4bb1124a64a395b1e428163d70b5774116e8
  FBSDKCoreKit: ae214474b25033399c131dc81d258e412582a2ba
  FBSDKLoginKit: 7a1e411d46acc8834588eca437daf34de42e1d52
  FBSDKShareKit: 0e45916f4150da485928ae2a17ca021950b194f5
  Firebase: 355bd535bfdacaa82a7fe8d9784115edefd6fc03
  FirebaseAnalytics: b3628aea54c50464c32c393fb2ea032566e7ecc2
  FirebaseAuth: 096e457cdd4274412a66c4a35874787e411f5a03
  FirebaseCore: 4c28e3b9708ba48a765e76515f913a71596eb5dd
  FirebaseDatabase: 27be5ac5bc75e0b17537b2bbfada8258addcc8cd
  FirebaseFirestore: d4a3a7787624e612298a320da95935b8dc036c1d
  FirebaseInstanceID: f3f0657372592ecdfdfe2cac604a5a75758376a6
  FirebaseStorage: 7ca4bb7b58a25fa647b04f524033fc7cb7eb272b
  GeoFire: e3ae6f4be3f2466c3467ef6c1c203db3af935c59
  Geofirestore: d41d8b0341399468c7f8f9e2f3d5c8328e1627ce
  GoogleToolboxForMac: ff31605b7d66400dcec09bed5861689aebadda4d
  gRPC: f0d45d7bfd5f220e405df5a9f672315ab963440c
  gRPC-Core: 901572a0099a453a79eb58bdb29e381ede0787bd
  gRPC-ProtoRPC: 8e49c501c166d221cf9e44076b20580171f8ecd0
  gRPC-RxLibrary: bf23bc3bfde06674a794bb63f458f8d67d4038bb
  GTMSessionFetcher: 32aeca0aa144acea523e1c8e053089dec2cb98ca
  leveldb-library: 08cba283675b7ed2d99629a4bc5fd052cd2bb6a5
  MessageInputBar: e81c7535347f1f7b923de7080409a535a004b6e4
  MessageKit: 29c1c87e5a396d2ca7a3f712e5171dc9aba42a1e
  nanopb: 2901f78ea1b7b4015c860c2fdd1ea2fee1a18d48
  Protobuf: 1eb9700044745f00181c136ef21b8ff3ad5a0fd5

PODFILE CHECKSUM: 90012b9c26f879c90cf3e5aba0a14101dc14c889

COCOAPODS: 1.6.1
