// !$*UTF8*$!
{
	archiveVersion = 1;
	classes = {
	};
	objectVersion = 50;
	objects = {

/* Begin PBXBuildFile section */
		487724DD2207AC0900725DF8 /* AppDelegate.swift in Sources */ = {isa = PBXBuildFile; fileRef = 487724DC2207AC0900725DF8 /* AppDelegate.swift */; };
		487724DF2207AC0900725DF8 /* ViewController.swift in Sources */ = {isa = PBXBuildFile; fileRef = 487724DE2207AC0900725DF8 /* ViewController.swift */; };
		487724E22207AC0900725DF8 /* Main.storyboard in Resources */ = {isa = PBXBuildFile; fileRef = 487724E02207AC0900725DF8 /* Main.storyboard */; };
		487724E42207AC0A00725DF8 /* Assets.xcassets in Resources */ = {isa = PBXBuildFile; fileRef = 487724E32207AC0A00725DF8 /* Assets.xcassets */; };
		487724E72207AC0A00725DF8 /* LaunchScreen.storyboard in Resources */ = {isa = PBXBuildFile; fileRef = 487724E52207AC0A00725DF8 /* LaunchScreen.storyboard */; };
		487724F22207AC0A00725DF8 /* SlideDMTests.swift in Sources */ = {isa = PBXBuildFile; fileRef = 487724F12207AC0A00725DF8 /* SlideDMTests.swift */; };
		487724FD2207AC0A00725DF8 /* SlideDMUITests.swift in Sources */ = {isa = PBXBuildFile; fileRef = 487724FC2207AC0A00725DF8 /* SlideDMUITests.swift */; };
/* End PBXBuildFile section */

/* Begin PBXContainerItemProxy section */
		487724EE2207AC0A00725DF8 /* PBXContainerItemProxy */ = {
			isa = PBXContainerItemProxy;
			containerPortal = 487724D12207AC0900725DF8 /* Project object */;
			proxyType = 1;
			remoteGlobalIDString = 487724D82207AC0900725DF8;
			remoteInfo = SlideDM;
		};
		487724F92207AC0A00725DF8 /* PBXContainerItemProxy */ = {
			isa = PBXContainerItemProxy;
			containerPortal = 487724D12207AC0900725DF8 /* Project object */;
			proxyType = 1;
			remoteGlobalIDString = 487724D82207AC0900725DF8;
			remoteInfo = SlideDM;
		};
/* End PBXContainerItemProxy section */

/* Begin PBXFileReference section */
		487724D92207AC0900725DF8 /* SlideDM.app */ = {isa = PBXFileReference; explicitFileType = wrapper.application; includeInIndex = 0; path = SlideDM.app; sourceTree = BUILT_PRODUCTS_DIR; };
		487724DC2207AC0900725DF8 /* AppDelegate.swift */ = {isa = PBXFileReference; lastKnownFileType = sourcecode.swift; path = AppDelegate.swift; sourceTree = "<group>"; };
		487724DE2207AC0900725DF8 /* ViewController.swift */ = {isa = PBXFileReference; lastKnownFileType = sourcecode.swift; path = ViewController.swift; sourceTree = "<group>"; };
		487724E12207AC0900725DF8 /* Base */ = {isa = PBXFileReference; lastKnownFileType = file.storyboard; name = Base; path = Base.lproj/Main.storyboard; sourceTree = "<group>"; };
		487724E32207AC0A00725DF8 /* Assets.xcassets */ = {isa = PBXFileReference; lastKnownFileType = folder.assetcatalog; path = Assets.xcassets; sourceTree = "<group>"; };
		487724E62207AC0A00725DF8 /* Base */ = {isa = PBXFileReference; lastKnownFileType = file.storyboard; name = Base; path = Base.lproj/LaunchScreen.storyboard; sourceTree = "<group>"; };
		487724E82207AC0A00725DF8 /* Info.plist */ = {isa = PBXFileReference; lastKnownFileType = text.plist.xml; path = Info.plist; sourceTree = "<group>"; };
		487724ED2207AC0A00725DF8 /* SlideDMTests.xctest */ = {isa = PBXFileReference; explicitFileType = wrapper.cfbundle; includeInIndex = 0; path = SlideDMTests.xctest; sourceTree = BUILT_PRODUCTS_DIR; };
		487724F12207AC0A00725DF8 /* SlideDMTests.swift */ = {isa = PBXFileReference; lastKnownFileType = sourcecode.swift; path = SlideDMTests.swift; sourceTree = "<group>"; };
		487724F32207AC0A00725DF8 /* Info.plist */ = {isa = PBXFileReference; lastKnownFileType = text.plist.xml; path = Info.plist; sourceTree = "<group>"; };
		487724F82207AC0A00725DF8 /* SlideDMUITests.xctest */ = {isa = PBXFileReference; explicitFileType = wrapper.cfbundle; includeInIndex = 0; path = SlideDMUITests.xctest; sourceTree = BUILT_PRODUCTS_DIR; };
		487724FC2207AC0A00725DF8 /* SlideDMUITests.swift */ = {isa = PBXFileReference; lastKnownFileType = sourcecode.swift; path = SlideDMUITests.swift; sourceTree = "<group>"; };
		487724FE2207AC0A00725DF8 /* Info.plist */ = {isa = PBXFileReference; lastKnownFileType = text.plist.xml; path = Info.plist; sourceTree = "<group>"; };
/* End PBXFileReference section */

/* Begin PBXFrameworksBuildPhase section */
		487724D62207AC0900725DF8 /* Frameworks */ = {
			isa = PBXFrameworksBuildPhase;
			buildActionMask = 2147483647;
			files = (
			);
			runOnlyForDeploymentPostprocessing = 0;
		};
		487724EA2207AC0A00725DF8 /* Frameworks */ = {
			isa = PBXFrameworksBuildPhase;
			buildActionMask = 2147483647;
			files = (
			);
			runOnlyForDeploymentPostprocessing = 0;
		};
		487724F52207AC0A00725DF8 /* Frameworks */ = {
			isa = PBXFrameworksBuildPhase;
			buildActionMask = 2147483647;
			files = (
			);
			runOnlyForDeploymentPostprocessing = 0;
		};
/* End PBXFrameworksBuildPhase section */

/* Begin PBXGroup section */
		487724D02207AC0900725DF8 = {
			isa = PBXGroup;
			children = (
				487724DB2207AC0900725DF8 /* SlideDM */,
				487724F02207AC0A00725DF8 /* SlideDMTests */,
				487724FB2207AC0A00725DF8 /* SlideDMUITests */,
				487724DA2207AC0900725DF8 /* Products */,
			);
			sourceTree = "<group>";
		};
		487724DA2207AC0900725DF8 /* Products */ = {
			isa = PBXGroup;
			children = (
				487724D92207AC0900725DF8 /* SlideDM.app */,
				487724ED2207AC0A00725DF8 /* SlideDMTests.xctest */,
				487724F82207AC0A00725DF8 /* SlideDMUITests.xctest */,
			);
			name = Products;
			sourceTree = "<group>";
		};
		487724DB2207AC0900725DF8 /* SlideDM */ = {
			isa = PBXGroup;
			children = (
				487724DC2207AC0900725DF8 /* AppDelegate.swift */,
				487724DE2207AC0900725DF8 /* ViewController.swift */,
				487724E02207AC0900725DF8 /* Main.storyboard */,
				487724E32207AC0A00725DF8 /* Assets.xcassets */,
				487724E52207AC0A00725DF8 /* LaunchScreen.storyboard */,
				487724E82207AC0A00725DF8 /* Info.plist */,
			);
			path = SlideDM;
			sourceTree = "<group>";
		};
		487724F02207AC0A00725DF8 /* SlideDMTests */ = {
			isa = PBXGroup;
			children = (
				487724F12207AC0A00725DF8 /* SlideDMTests.swift */,
				487724F32207AC0A00725DF8 /* Info.plist */,
			);
			path = SlideDMTests;
			sourceTree = "<group>";
		};
		487724FB2207AC0A00725DF8 /* SlideDMUITests */ = {
			isa = PBXGroup;
			children = (
				487724FC2207AC0A00725DF8 /* SlideDMUITests.swift */,
				487724FE2207AC0A00725DF8 /* Info.plist */,
			);
			path = SlideDMUITests;
			sourceTree = "<group>";
		};
/* End PBXGroup section */

/* Begin PBXNativeTarget section */
		487724D82207AC0900725DF8 /* SlideDM */ = {
			isa = PBXNativeTarget;
			buildConfigurationList = 487725012207AC0A00725DF8 /* Build configuration list for PBXNativeTarget "SlideDM" */;
			buildPhases = (
				487724D52207AC0900725DF8 /* Sources */,
				487724D62207AC0900725DF8 /* Frameworks */,
				487724D72207AC0900725DF8 /* Resources */,
			);
			buildRules = (
			);
			dependencies = (
			);
			name = SlideDM;
			productName = SlideDM;
			productReference = 487724D92207AC0900725DF8 /* SlideDM.app */;
			productType = "com.apple.product-type.application";
		};
		487724EC2207AC0A00725DF8 /* SlideDMTests */ = {
			isa = PBXNativeTarget;
			buildConfigurationList = 487725042207AC0A00725DF8 /* Build configuration list for PBXNativeTarget "SlideDMTests" */;
			buildPhases = (
				487724E92207AC0A00725DF8 /* Sources */,
				487724EA2207AC0A00725DF8 /* Frameworks */,
				487724EB2207AC0A00725DF8 /* Resources */,
			);
			buildRules = (
			);
			dependencies = (
				487724EF2207AC0A00725DF8 /* PBXTargetDependency */,
			);
			name = SlideDMTests;
			productName = SlideDMTests;
			productReference = 487724ED2207AC0A00725DF8 /* SlideDMTests.xctest */;
			productType = "com.apple.product-type.bundle.unit-test";
		};
		487724F72207AC0A00725DF8 /* SlideDMUITests */ = {
			isa = PBXNativeTarget;
			buildConfigurationList = 487725072207AC0A00725DF8 /* Build configuration list for PBXNativeTarget "SlideDMUITests" */;
			buildPhases = (
				487724F42207AC0A00725DF8 /* Sources */,
				487724F52207AC0A00725DF8 /* Frameworks */,
				487724F62207AC0A00725DF8 /* Resources */,
			);
			buildRules = (
			);
			dependencies = (
				487724FA2207AC0A00725DF8 /* PBXTargetDependency */,
			);
			name = SlideDMUITests;
			productName = SlideDMUITests;
			productReference = 487724F82207AC0A00725DF8 /* SlideDMUITests.xctest */;
			productType = "com.apple.product-type.bundle.ui-testing";
		};
/* End PBXNativeTarget section */

/* Begin PBXProject section */
		487724D12207AC0900725DF8 /* Project object */ = {
			isa = PBXProject;
			attributes = {
				LastSwiftUpdateCheck = 1010;
				LastUpgradeCheck = 1010;
				ORGANIZATIONNAME = "Eric LaBouve";
				TargetAttributes = {
					487724D82207AC0900725DF8 = {
						CreatedOnToolsVersion = 10.1;
					};
					487724EC2207AC0A00725DF8 = {
						CreatedOnToolsVersion = 10.1;
						TestTargetID = 487724D82207AC0900725DF8;
					};
					487724F72207AC0A00725DF8 = {
						CreatedOnToolsVersion = 10.1;
						TestTargetID = 487724D82207AC0900725DF8;
					};
				};
			};
			buildConfigurationList = 487724D42207AC0900725DF8 /* Build configuration list for PBXProject "SlideDM" */;
			compatibilityVersion = "Xcode 9.3";
			developmentRegion = en;
			hasScannedForEncodings = 0;
			knownRegions = (
				en,
				Base,
			);
			mainGroup = 487724D02207AC0900725DF8;
			productRefGroup = 487724DA2207AC0900725DF8 /* Products */;
			projectDirPath = "";
			projectRoot = "";
			targets = (
				487724D82207AC0900725DF8 /* SlideDM */,
				487724EC2207AC0A00725DF8 /* SlideDMTests */,
				487724F72207AC0A00725DF8 /* SlideDMUITests */,
			);
		};
/* End PBXProject section */

/* Begin PBXResourcesBuildPhase section */
		487724D72207AC0900725DF8 /* Resources */ = {
			isa = PBXResourcesBuildPhase;
			buildActionMask = 2147483647;
			files = (
				487724E72207AC0A00725DF8 /* LaunchScreen.storyboard in Resources */,
				487724E42207AC0A00725DF8 /* Assets.xcassets in Resources */,
				487724E22207AC0900725DF8 /* Main.storyboard in Resources */,
			);
			runOnlyForDeploymentPostprocessing = 0;
		};
		487724EB2207AC0A00725DF8 /* Resources */ = {
			isa = PBXResourcesBuildPhase;
			buildActionMask = 2147483647;
			files = (
			);
			runOnlyForDeploymentPostprocessing = 0;
		};
		487724F62207AC0A00725DF8 /* Resources */ = {
			isa = PBXResourcesBuildPhase;
			buildActionMask = 2147483647;
			files = (
			);
			runOnlyForDeploymentPostprocessing = 0;
		};
/* End PBXResourcesBuildPhase section */

/* Begin PBXSourcesBuildPhase section */
		487724D52207AC0900725DF8 /* Sources */ = {
			isa = PBXSourcesBuildPhase;
			buildActionMask = 2147483647;
			files = (
				487724DF2207AC0900725DF8 /* ViewController.swift in Sources */,
				487724DD2207AC0900725DF8 /* AppDelegate.swift in Sources */,
			);
			runOnlyForDeploymentPostprocessing = 0;
		};
		487724E92207AC0A00725DF8 /* Sources */ = {
			isa = PBXSourcesBuildPhase;
			buildActionMask = 2147483647;
			files = (
				487724F22207AC0A00725DF8 /* SlideDMTests.swift in Sources */,
			);
			runOnlyForDeploymentPostprocessing = 0;
		};
		487724F42207AC0A00725DF8 /* Sources */ = {
			isa = PBXSourcesBuildPhase;
			buildActionMask = 2147483647;
			files = (
				487724FD2207AC0A00725DF8 /* SlideDMUITests.swift in Sources */,
			);
			runOnlyForDeploymentPostprocessing = 0;
		};
/* End PBXSourcesBuildPhase section */

/* Begin PBXTargetDependency section */
		487724EF2207AC0A00725DF8 /* PBXTargetDependency */ = {
			isa = PBXTargetDependency;
			target = 487724D82207AC0900725DF8 /* SlideDM */;
			targetProxy = 487724EE2207AC0A00725DF8 /* PBXContainerItemProxy */;
		};
		487724FA2207AC0A00725DF8 /* PBXTargetDependency */ = {
			isa = PBXTargetDependency;
			target = 487724D82207AC0900725DF8 /* SlideDM */;
			targetProxy = 487724F92207AC0A00725DF8 /* PBXContainerItemProxy */;
		};
/* End PBXTargetDependency section */

/* Begin PBXVariantGroup section */
		487724E02207AC0900725DF8 /* Main.storyboard */ = {
			isa = PBXVariantGroup;
			children = (
				487724E12207AC0900725DF8 /* Base */,
			);
			name = Main.storyboard;
			sourceTree = "<group>";
		};
		487724E52207AC0A00725DF8 /* LaunchScreen.storyboard */ = {
			isa = PBXVariantGroup;
			children = (
				487724E62207AC0A00725DF8 /* Base */,
			);
			name = LaunchScreen.storyboard;
			sourceTree = "<group>";
		};
/* End PBXVariantGroup section */

/* Begin XCBuildConfiguration section */
		487724FF2207AC0A00725DF8 /* Debug */ = {
			isa = XCBuildConfiguration;
			buildSettings = {
				ALWAYS_SEARCH_USER_PATHS = NO;
				CLANG_ANALYZER_NONNULL = YES;
				CLANG_ANALYZER_NUMBER_OBJECT_CONVERSION = YES_AGGRESSIVE;
				CLANG_CXX_LANGUAGE_STANDARD = "gnu++14";
				CLANG_CXX_LIBRARY = "libc++";
				CLANG_ENABLE_MODULES = YES;
				CLANG_ENABLE_OBJC_ARC = YES;
				CLANG_ENABLE_OBJC_WEAK = YES;
				CLANG_WARN_BLOCK_CAPTURE_AUTORELEASING = YES;
				CLANG_WARN_BOOL_CONVERSION = YES;
				CLANG_WARN_COMMA = YES;
				CLANG_WARN_CONSTANT_CONVERSION = YES;
				CLANG_WARN_DEPRECATED_OBJC_IMPLEMENTATIONS = YES;
				CLANG_WARN_DIRECT_OBJC_ISA_USAGE = YES_ERROR;
				CLANG_WARN_DOCUMENTATION_COMMENTS = YES;
				CLANG_WARN_EMPTY_BODY = YES;
				CLANG_WARN_ENUM_CONVERSION = YES;
				CLANG_WARN_INFINITE_RECURSION = YES;
				CLANG_WARN_INT_CONVERSION = YES;
				CLANG_WARN_NON_LITERAL_NULL_CONVERSION = YES;
				CLANG_WARN_OBJC_IMPLICIT_RETAIN_SELF = YES;
				CLANG_WARN_OBJC_LITERAL_CONVERSION = YES;
				CLANG_WARN_OBJC_ROOT_CLASS = YES_ERROR;
				CLANG_WARN_RANGE_LOOP_ANALYSIS = YES;
				CLANG_WARN_STRICT_PROTOTYPES = YES;
				CLANG_WARN_SUSPICIOUS_MOVE = YES;
				CLANG_WARN_UNGUARDED_AVAILABILITY = YES_AGGRESSIVE;
				CLANG_WARN_UNREACHABLE_CODE = YES;
				CLANG_WARN__DUPLICATE_METHOD_MATCH = YES;
				CODE_SIGN_IDENTITY = "iPhone Developer";
				COPY_PHASE_STRIP = NO;
				DEBUG_INFORMATION_FORMAT = dwarf;
				ENABLE_STRICT_OBJC_MSGSEND = YES;
				ENABLE_TESTABILITY = YES;
				GCC_C_LANGUAGE_STANDARD = gnu11;
				GCC_DYNAMIC_NO_PIC = NO;
				GCC_NO_COMMON_BLOCKS = YES;
				GCC_OPTIMIZATION_LEVEL = 0;
				GCC_PREPROCESSOR_DEFINITIONS = (
					"DEBUG=1",
					"$(inherited)",
				);
				GCC_WARN_64_TO_32_BIT_CONVERSION = YES;
				GCC_WARN_ABOUT_RETURN_TYPE = YES_ERROR;
				GCC_WARN_UNDECLARED_SELECTOR = YES;
				GCC_WARN_UNINITIALIZED_AUTOS = YES_AGGRESSIVE;
				GCC_WARN_UNUSED_FUNCTION = YES;
				GCC_WARN_UNUSED_VARIABLE = YES;
				IPHONEOS_DEPLOYMENT_TARGET = 12.1;
				MTL_ENABLE_DEBUG_INFO = INCLUDE_SOURCE;
				MTL_FAST_MATH = YES;
				ONLY_ACTIVE_ARCH = YES;
				SDKROOT = iphoneos;
				SWIFT_ACTIVE_COMPILATION_CONDITIONS = DEBUG;
				SWIFT_OPTIMIZATION_LEVEL = "-Onone";
			};
			name = Debug;
		};
		487725002207AC0A00725DF8 /* Release */ = {
			isa = XCBuildConfiguration;
			buildSettings = {
				ALWAYS_SEARCH_USER_PATHS = NO;
				CLANG_ANALYZER_NONNULL = YES;
				CLANG_ANALYZER_NUMBER_OBJECT_CONVERSION = YES_AGGRESSIVE;
				CLANG_CXX_LANGUAGE_STANDARD = "gnu++14";
				CLANG_CXX_LIBRARY = "libc++";
				CLANG_ENABLE_MODULES = YES;
				CLANG_ENABLE_OBJC_ARC = YES;
				CLANG_ENABLE_OBJC_WEAK = YES;
				CLANG_WARN_BLOCK_CAPTURE_AUTORELEASING = YES;
				CLANG_WARN_BOOL_CONVERSION = YES;
				CLANG_WARN_COMMA = YES;
				CLANG_WARN_CONSTANT_CONVERSION = YES;
				CLANG_WARN_DEPRECATED_OBJC_IMPLEMENTATIONS = YES;
				CLANG_WARN_DIRECT_OBJC_ISA_USAGE = YES_ERROR;
				CLANG_WARN_DOCUMENTATION_COMMENTS = YES;
				CLANG_WARN_EMPTY_BODY = YES;
				CLANG_WARN_ENUM_CONVERSION = YES;
				CLANG_WARN_INFINITE_RECURSION = YES;
				CLANG_WARN_INT_CONVERSION = YES;
				CLANG_WARN_NON_LITERAL_NULL_CONVERSION = YES;
				CLANG_WARN_OBJC_IMPLICIT_RETAIN_SELF = YES;
				CLANG_WARN_OBJC_LITERAL_CONVERSION = YES;
				CLANG_WARN_OBJC_ROOT_CLASS = YES_ERROR;
				CLANG_WARN_RANGE_LOOP_ANALYSIS = YES;
				CLANG_WARN_STRICT_PROTOTYPES = YES;
				CLANG_WARN_SUSPICIOUS_MOVE = YES;
				CLANG_WARN_UNGUARDED_AVAILABILITY = YES_AGGRESSIVE;
				CLANG_WARN_UNREACHABLE_CODE = YES;
				CLANG_WARN__DUPLICATE_METHOD_MATCH = YES;
				CODE_SIGN_IDENTITY = "iPhone Developer";
				COPY_PHASE_STRIP = NO;
				DEBUG_INFORMATION_FORMAT = "dwarf-with-dsym";
				ENABLE_NS_ASSERTIONS = NO;
				ENABLE_STRICT_OBJC_MSGSEND = YES;
				GCC_C_LANGUAGE_STANDARD = gnu11;
				GCC_NO_COMMON_BLOCKS = YES;
				GCC_WARN_64_TO_32_BIT_CONVERSION = YES;
				GCC_WARN_ABOUT_RETURN_TYPE = YES_ERROR;
				GCC_WARN_UNDECLARED_SELECTOR = YES;
				GCC_WARN_UNINITIALIZED_AUTOS = YES_AGGRESSIVE;
				GCC_WARN_UNUSED_FUNCTION = YES;
				GCC_WARN_UNUSED_VARIABLE = YES;
				IPHONEOS_DEPLOYMENT_TARGET = 12.1;
				MTL_ENABLE_DEBUG_INFO = NO;
				MTL_FAST_MATH = YES;
				SDKROOT = iphoneos;
				SWIFT_COMPILATION_MODE = wholemodule;
				SWIFT_OPTIMIZATION_LEVEL = "-O";
				VALIDATE_PRODUCT = YES;
			};
			name = Release;
		};
		487725022207AC0A00725DF8 /* Debug */ = {
			isa = XCBuildConfiguration;
			buildSettings = {
				ASSETCATALOG_COMPILER_APPICON_NAME = AppIcon;
				CODE_SIGN_STYLE = Automatic;
				INFOPLIST_FILE = SlideDM/Info.plist;
				LD_RUNPATH_SEARCH_PATHS = (
					"$(inherited)",
					"@executable_path/Frameworks",
				);
				PRODUCT_BUNDLE_IDENTIFIER = elabouve.SlideDM;
				PRODUCT_NAME = "$(TARGET_NAME)";
				SWIFT_VERSION = 4.2;
				TARGETED_DEVICE_FAMILY = "1,2";
			};
			name = Debug;
		};
		487725032207AC0A00725DF8 /* Release */ = {
			isa = XCBuildConfiguration;
			buildSettings = {
				ASSETCATALOG_COMPILER_APPICON_NAME = AppIcon;
				CODE_SIGN_STYLE = Automatic;
				INFOPLIST_FILE = SlideDM/Info.plist;
				LD_RUNPATH_SEARCH_PATHS = (
					"$(inherited)",
					"@executable_path/Frameworks",
				);
				PRODUCT_BUNDLE_IDENTIFIER = elabouve.SlideDM;
				PRODUCT_NAME = "$(TARGET_NAME)";
				SWIFT_VERSION = 4.2;
				TARGETED_DEVICE_FAMILY = "1,2";
			};
			name = Release;
		};
		487725052207AC0A00725DF8 /* Debug */ = {
			isa = XCBuildConfiguration;
			buildSettings = {
				ALWAYS_EMBED_SWIFT_STANDARD_LIBRARIES = YES;
				BUNDLE_LOADER = "$(TEST_HOST)";
				CODE_SIGN_STYLE = Automatic;
				INFOPLIST_FILE = SlideDMTests/Info.plist;
				LD_RUNPATH_SEARCH_PATHS = (
					"$(inherited)",
					"@executable_path/Frameworks",
					"@loader_path/Frameworks",
				);
				PRODUCT_BUNDLE_IDENTIFIER = elabouve.SlideDMTests;
				PRODUCT_NAME = "$(TARGET_NAME)";
				SWIFT_VERSION = 4.2;
				TARGETED_DEVICE_FAMILY = "1,2";
				TEST_HOST = "$(BUILT_PRODUCTS_DIR)/SlideDM.app/SlideDM";
			};
			name = Debug;
		};
		487725062207AC0A00725DF8 /* Release */ = {
			isa = XCBuildConfiguration;
			buildSettings = {
				ALWAYS_EMBED_SWIFT_STANDARD_LIBRARIES = YES;
				BUNDLE_LOADER = "$(TEST_HOST)";
				CODE_SIGN_STYLE = Automatic;
				INFOPLIST_FILE = SlideDMTests/Info.plist;
				LD_RUNPATH_SEARCH_PATHS = (
					"$(inherited)",
					"@executable_path/Frameworks",
					"@loader_path/Frameworks",
				);
				PRODUCT_BUNDLE_IDENTIFIER = elabouve.SlideDMTests;
				PRODUCT_NAME = "$(TARGET_NAME)";
				SWIFT_VERSION = 4.2;
				TARGETED_DEVICE_FAMILY = "1,2";
				TEST_HOST = "$(BUILT_PRODUCTS_DIR)/SlideDM.app/SlideDM";
			};
			name = Release;
		};
		487725082207AC0A00725DF8 /* Debug */ = {
			isa = XCBuildConfiguration;
			buildSettings = {
				ALWAYS_EMBED_SWIFT_STANDARD_LIBRARIES = YES;
				CODE_SIGN_STYLE = Automatic;
				INFOPLIST_FILE = SlideDMUITests/Info.plist;
				LD_RUNPATH_SEARCH_PATHS = (
					"$(inherited)",
					"@executable_path/Frameworks",
					"@loader_path/Frameworks",
				);
				PRODUCT_BUNDLE_IDENTIFIER = elabouve.SlideDMUITests;
				PRODUCT_NAME = "$(TARGET_NAME)";
				SWIFT_VERSION = 4.2;
				TARGETED_DEVICE_FAMILY = "1,2";
				TEST_TARGET_NAME = SlideDM;
			};
			name = Debug;
		};
		487725092207AC0A00725DF8 /* Release */ = {
			isa = XCBuildConfiguration;
			buildSettings = {
				ALWAYS_EMBED_SWIFT_STANDARD_LIBRARIES = YES;
				CODE_SIGN_STYLE = Automatic;
				INFOPLIST_FILE = SlideDMUITests/Info.plist;
				LD_RUNPATH_SEARCH_PATHS = (
					"$(inherited)",
					"@executable_path/Frameworks",
					"@loader_path/Frameworks",
				);
				PRODUCT_BUNDLE_IDENTIFIER = elabouve.SlideDMUITests;
				PRODUCT_NAME = "$(TARGET_NAME)";
				SWIFT_VERSION = 4.2;
				TARGETED_DEVICE_FAMILY = "1,2";
				TEST_TARGET_NAME = SlideDM;
			};
			name = Release;
		};
/* End XCBuildConfiguration section */

/* Begin XCConfigurationList section */
		487724D42207AC0900725DF8 /* Build configuration list for PBXProject "SlideDM" */ = {
			isa = XCConfigurationList;
			buildConfigurations = (
				487724FF2207AC0A00725DF8 /* Debug */,
				487725002207AC0A00725DF8 /* Release */,
			);
			defaultConfigurationIsVisible = 0;
			defaultConfigurationName = Release;
		};
		487725012207AC0A00725DF8 /* Build configuration list for PBXNativeTarget "SlideDM" */ = {
			isa = XCConfigurationList;
			buildConfigurations = (
				487725022207AC0A00725DF8 /* Debug */,
				487725032207AC0A00725DF8 /* Release */,
			);
			defaultConfigurationIsVisible = 0;
			defaultConfigurationName = Release;
		};
		487725042207AC0A00725DF8 /* Build configuration list for PBXNativeTarget "SlideDMTests" */ = {
			isa = XCConfigurationList;
			buildConfigurations = (
				487725052207AC0A00725DF8 /* Debug */,
				487725062207AC0A00725DF8 /* Release */,
			);
			defaultConfigurationIsVisible = 0;
			defaultConfigurationName = Release;
		};
		487725072207AC0A00725DF8 /* Build configuration list for PBXNativeTarget "SlideDMUITests" */ = {
			isa = XCConfigurationList;
			buildConfigurations = (
				487725082207AC0A00725DF8 /* Debug */,
				487725092207AC0A00725DF8 /* Release */,
			);
			defaultConfigurationIsVisible = 0;
			defaultConfigurationName = Release;
		};
/* End XCConfigurationList section */
	};
	rootObject = 487724D12207AC0900725DF8 /* Project object */;
}
