// !$*UTF8*$!
{
	archiveVersion = 1;
	classes = {
	};
	objectVersion = 50;
	objects = {

/* Begin PBXBuildFile section */
		00B0EC7D80661BFD159B269F /* Pods_SlideDM.framework in Frameworks */ = {isa = PBXBuildFile; fileRef = B4E52EFAF60591DE62429DB3 /* Pods_SlideDM.framework */; };
		482617D3220D40AC006398EE /* Contact.swift in Sources */ = {isa = PBXBuildFile; fileRef = 482617D2220D40AC006398EE /* Contact.swift */; };
		487724DD2207AC0900725DF8 /* AppDelegate.swift in Sources */ = {isa = PBXBuildFile; fileRef = 487724DC2207AC0900725DF8 /* AppDelegate.swift */; };
		487724DF2207AC0900725DF8 /* LoginViewController.swift in Sources */ = {isa = PBXBuildFile; fileRef = 487724DE2207AC0900725DF8 /* LoginViewController.swift */; };
		487724E22207AC0900725DF8 /* Main.storyboard in Resources */ = {isa = PBXBuildFile; fileRef = 487724E02207AC0900725DF8 /* Main.storyboard */; };
		487724E42207AC0A00725DF8 /* Assets.xcassets in Resources */ = {isa = PBXBuildFile; fileRef = 487724E32207AC0A00725DF8 /* Assets.xcassets */; };
		487724E72207AC0A00725DF8 /* LaunchScreen.storyboard in Resources */ = {isa = PBXBuildFile; fileRef = 487724E52207AC0A00725DF8 /* LaunchScreen.storyboard */; };
		487724F22207AC0A00725DF8 /* SlideDMTests.swift in Sources */ = {isa = PBXBuildFile; fileRef = 487724F12207AC0A00725DF8 /* SlideDMTests.swift */; };
		487724FD2207AC0A00725DF8 /* SlideDMUITests.swift in Sources */ = {isa = PBXBuildFile; fileRef = 487724FC2207AC0A00725DF8 /* SlideDMUITests.swift */; };
		8BF043911E6BD424B439D33F /* Pods_SlideDMUITests.framework in Frameworks */ = {isa = PBXBuildFile; fileRef = E691FE17A3CAE236D77FEAB7 /* Pods_SlideDMUITests.framework */; };
		C3AB735BB74376770CB5E373 /* Pods_SlideDMTests.framework in Frameworks */ = {isa = PBXBuildFile; fileRef = EDE4DDC1B64CDFD65D902D97 /* Pods_SlideDMTests.framework */; };
/* End PBXBuildFile section */

/* Begin PBXContainerItemProxy section */
		487724EE2207AC0A00725DF8 /* PBXContainerItemProxy */ = {
			isa = PBXContainerItemProxy;
			containerPortal = 487724D12207AC0900725DF8 /* Project object */;
			proxyType = 1;
			remoteGlobalIDString = 487724D82207AC0900725DF8;
			remoteInfo = SlideDM;
		};
		487724F92207AC0A00725DF8 /* PBXContainerItemProxy */ = {
			isa = PBXContainerItemProxy;
			containerPortal = 487724D12207AC0900725DF8 /* Project object */;
			proxyType = 1;
			remoteGlobalIDString = 487724D82207AC0900725DF8;
			remoteInfo = SlideDM;
		};
/* End PBXContainerItemProxy section */

/* Begin PBXFileReference section */
		482617D2220D40AC006398EE /* Contact.swift */ = {isa = PBXFileReference; lastKnownFileType = sourcecode.swift; path = Contact.swift; sourceTree = "<group>"; };
		487724D92207AC0900725DF8 /* SlideDM.app */ = {isa = PBXFileReference; explicitFileType = wrapper.application; includeInIndex = 0; path = SlideDM.app; sourceTree = BUILT_PRODUCTS_DIR; };
		487724DC2207AC0900725DF8 /* AppDelegate.swift */ = {isa = PBXFileReference; lastKnownFileType = sourcecode.swift; path = AppDelegate.swift; sourceTree = "<group>"; };
		487724DE2207AC0900725DF8 /* LoginViewController.swift */ = {isa = PBXFileReference; lastKnownFileType = sourcecode.swift; path = LoginViewController.swift; sourceTree = "<group>"; };
		487724E12207AC0900725DF8 /* Base */ = {isa = PBXFileReference; lastKnownFileType = file.storyboard; name = Base; path = Base.lproj/Main.storyboard; sourceTree = "<group>"; };
		487724E32207AC0A00725DF8 /* Assets.xcassets */ = {isa = PBXFileReference; lastKnownFileType = folder.assetcatalog; path = Assets.xcassets; sourceTree = "<group>"; };
		487724E62207AC0A00725DF8 /* Base */ = {isa = PBXFileReference; lastKnownFileType = file.storyboard; name = Base; path = Base.lproj/LaunchScreen.storyboard; sourceTree = "<group>"; };
		487724E82207AC0A00725DF8 /* Info.plist */ = {isa = PBXFileReference; lastKnownFileType = text.plist.xml; path = Info.plist; sourceTree = "<group>"; };
		487724ED2207AC0A00725DF8 /* SlideDMTests.xctest */ = {isa = PBXFileReference; explicitFileType = wrapper.cfbundle; includeInIndex = 0; path = SlideDMTests.xctest; sourceTree = BUILT_PRODUCTS_DIR; };
		487724F12207AC0A00725DF8 /* SlideDMTests.swift */ = {isa = PBXFileReference; lastKnownFileType = sourcecode.swift; path = SlideDMTests.swift; sourceTree = "<group>"; };
		487724F32207AC0A00725DF8 /* Info.plist */ = {isa = PBXFileReference; lastKnownFileType = text.plist.xml; path = Info.plist; sourceTree = "<group>"; };
		487724F82207AC0A00725DF8 /* SlideDMUITests.xctest */ = {isa = PBXFileReference; explicitFileType = wrapper.cfbundle; includeInIndex = 0; path = SlideDMUITests.xctest; sourceTree = BUILT_PRODUCTS_DIR; };
		487724FC2207AC0A00725DF8 /* SlideDMUITests.swift */ = {isa = PBXFileReference; lastKnownFileType = sourcecode.swift; path = SlideDMUITests.swift; sourceTree = "<group>"; };
		487724FE2207AC0A00725DF8 /* Info.plist */ = {isa = PBXFileReference; lastKnownFileType = text.plist.xml; path = Info.plist; sourceTree = "<group>"; };
		4877250A2207C21C00725DF8 /* SlideDM.entitlements */ = {isa = PBXFileReference; lastKnownFileType = text.plist.entitlements; path = SlideDM.entitlements; sourceTree = "<group>"; };
		8E117561F6FA9349F3F62CCD /* Pods-SlideDMTests.debug.xcconfig */ = {isa = PBXFileReference; includeInIndex = 1; lastKnownFileType = text.xcconfig; name = "Pods-SlideDMTests.debug.xcconfig"; path = "Pods/Target Support Files/Pods-SlideDMTests/Pods-SlideDMTests.debug.xcconfig"; sourceTree = "<group>"; };
		8FDF67B3E38E2B4A604EAEC2 /* Pods-SlideDM.release.xcconfig */ = {isa = PBXFileReference; includeInIndex = 1; lastKnownFileType = text.xcconfig; name = "Pods-SlideDM.release.xcconfig"; path = "Pods/Target Support Files/Pods-SlideDM/Pods-SlideDM.release.xcconfig"; sourceTree = "<group>"; };
		9276D9F2A567B580322933BF /* Pods-SlideDM.debug.xcconfig */ = {isa = PBXFileReference; includeInIndex = 1; lastKnownFileType = text.xcconfig; name = "Pods-SlideDM.debug.xcconfig"; path = "Pods/Target Support Files/Pods-SlideDM/Pods-SlideDM.debug.xcconfig"; sourceTree = "<group>"; };
		B4E52EFAF60591DE62429DB3 /* Pods_SlideDM.framework */ = {isa = PBXFileReference; explicitFileType = wrapper.framework; includeInIndex = 0; path = Pods_SlideDM.framework; sourceTree = BUILT_PRODUCTS_DIR; };
		BAF5E4227F8DE7CB09F3B4E4 /* Pods-SlideDMTests.release.xcconfig */ = {isa = PBXFileReference; includeInIndex = 1; lastKnownFileType = text.xcconfig; name = "Pods-SlideDMTests.release.xcconfig"; path = "Pods/Target Support Files/Pods-SlideDMTests/Pods-SlideDMTests.release.xcconfig"; sourceTree = "<group>"; };
		CB09212DDF60CF831948F9B0 /* Pods-SlideDMUITests.debug.xcconfig */ = {isa = PBXFileReference; includeInIndex = 1; lastKnownFileType = text.xcconfig; name = "Pods-SlideDMUITests.debug.xcconfig"; path = "Pods/Target Support Files/Pods-SlideDMUITests/Pods-SlideDMUITests.debug.xcconfig"; sourceTree = "<group>"; };
		E691FE17A3CAE236D77FEAB7 /* Pods_SlideDMUITests.framework */ = {isa = PBXFileReference; explicitFileType = wrapper.framework; includeInIndex = 0; path = Pods_SlideDMUITests.framework; sourceTree = BUILT_PRODUCTS_DIR; };
		EDE4DDC1B64CDFD65D902D97 /* Pods_SlideDMTests.framework */ = {isa = PBXFileReference; explicitFileType = wrapper.framework; includeInIndex = 0; path = Pods_SlideDMTests.framework; sourceTree = BUILT_PRODUCTS_DIR; };
		F0686C635F09B48567C91106 /* Pods-SlideDMUITests.release.xcconfig */ = {isa = PBXFileReference; includeInIndex = 1; lastKnownFileType = text.xcconfig; name = "Pods-SlideDMUITests.release.xcconfig"; path = "Pods/Target Support Files/Pods-SlideDMUITests/Pods-SlideDMUITests.release.xcconfig"; sourceTree = "<group>"; };
/* End PBXFileReference section */

/* Begin PBXFrameworksBuildPhase section */
		487724D62207AC0900725DF8 /* Frameworks */ = {
			isa = PBXFrameworksBuildPhase;
			buildActionMask = 2147483647;
			files = (
				00B0EC7D80661BFD159B269F /* Pods_SlideDM.framework in Frameworks */,
			);
			runOnlyForDeploymentPostprocessing = 0;
		};
		487724EA2207AC0A00725DF8 /* Frameworks */ = {
			isa = PBXFrameworksBuildPhase;
			buildActionMask = 2147483647;
			files = (
				C3AB735BB74376770CB5E373 /* Pods_SlideDMTests.framework in Frameworks */,
			);
			runOnlyForDeploymentPostprocessing = 0;
		};
		487724F52207AC0A00725DF8 /* Frameworks */ = {
			isa = PBXFrameworksBuildPhase;
			buildActionMask = 2147483647;
			files = (
				8BF043911E6BD424B439D33F /* Pods_SlideDMUITests.framework in Frameworks */,
			);
			runOnlyForDeploymentPostprocessing = 0;
		};
/* End PBXFrameworksBuildPhase section */

/* Begin PBXGroup section */
		487724D02207AC0900725DF8 = {
			isa = PBXGroup;
			children = (
				487724DB2207AC0900725DF8 /* SlideDM */,
				487724F02207AC0A00725DF8 /* SlideDMTests */,
				487724FB2207AC0A00725DF8 /* SlideDMUITests */,
				487724DA2207AC0900725DF8 /* Products */,
				D349BE60085BFA302643DE0E /* Pods */,
				B7B9185F29A641F0FCC9A393 /* Frameworks */,
			);
			sourceTree = "<group>";
		};
		487724DA2207AC0900725DF8 /* Products */ = {
			isa = PBXGroup;
			children = (
				487724D92207AC0900725DF8 /* SlideDM.app */,
				487724ED2207AC0A00725DF8 /* SlideDMTests.xctest */,
				487724F82207AC0A00725DF8 /* SlideDMUITests.xctest */,
			);
			name = Products;
			sourceTree = "<group>";
		};
		487724DB2207AC0900725DF8 /* SlideDM */ = {
			isa = PBXGroup;
			children = (
				4877250A2207C21C00725DF8 /* SlideDM.entitlements */,
				487724DC2207AC0900725DF8 /* AppDelegate.swift */,
				487724DE2207AC0900725DF8 /* LoginViewController.swift */,
				487724E02207AC0900725DF8 /* Main.storyboard */,
				487724E32207AC0A00725DF8 /* Assets.xcassets */,
				487724E52207AC0A00725DF8 /* LaunchScreen.storyboard */,
				487724E82207AC0A00725DF8 /* Info.plist */,
				482617D2220D40AC006398EE /* Contact.swift */,
			);
			path = SlideDM;
			sourceTree = "<group>";
		};
		487724F02207AC0A00725DF8 /* SlideDMTests */ = {
			isa = PBXGroup;
			children = (
				487724F12207AC0A00725DF8 /* SlideDMTests.swift */,
				487724F32207AC0A00725DF8 /* Info.plist */,
			);
			path = SlideDMTests;
			sourceTree = "<group>";
		};
		487724FB2207AC0A00725DF8 /* SlideDMUITests */ = {
			isa = PBXGroup;
			children = (
				487724FC2207AC0A00725DF8 /* SlideDMUITests.swift */,
				487724FE2207AC0A00725DF8 /* Info.plist */,
			);
			path = SlideDMUITests;
			sourceTree = "<group>";
		};
		B7B9185F29A641F0FCC9A393 /* Frameworks */ = {
			isa = PBXGroup;
			children = (
				B4E52EFAF60591DE62429DB3 /* Pods_SlideDM.framework */,
				EDE4DDC1B64CDFD65D902D97 /* Pods_SlideDMTests.framework */,
				E691FE17A3CAE236D77FEAB7 /* Pods_SlideDMUITests.framework */,
			);
			name = Frameworks;
			sourceTree = "<group>";
		};
		D349BE60085BFA302643DE0E /* Pods */ = {
			isa = PBXGroup;
			children = (
				9276D9F2A567B580322933BF /* Pods-SlideDM.debug.xcconfig */,
				8FDF67B3E38E2B4A604EAEC2 /* Pods-SlideDM.release.xcconfig */,
				8E117561F6FA9349F3F62CCD /* Pods-SlideDMTests.debug.xcconfig */,
				BAF5E4227F8DE7CB09F3B4E4 /* Pods-SlideDMTests.release.xcconfig */,
				CB09212DDF60CF831948F9B0 /* Pods-SlideDMUITests.debug.xcconfig */,
				F0686C635F09B48567C91106 /* Pods-SlideDMUITests.release.xcconfig */,
			);
			name = Pods;
			sourceTree = "<group>";
		};
/* End PBXGroup section */

/* Begin PBXNativeTarget section */
		487724D82207AC0900725DF8 /* SlideDM */ = {
			isa = PBXNativeTarget;
			buildConfigurationList = 487725012207AC0A00725DF8 /* Build configuration list for PBXNativeTarget "SlideDM" */;
			buildPhases = (
				C955D4E1F52CAB45F64BDEA2 /* [CP] Check Pods Manifest.lock */,
				487724D52207AC0900725DF8 /* Sources */,
				487724D62207AC0900725DF8 /* Frameworks */,
				487724D72207AC0900725DF8 /* Resources */,
				8010002E2DCB1CB9C92E3E4B /* [CP] Embed Pods Frameworks */,
			);
			buildRules = (
			);
			dependencies = (
			);
			name = SlideDM;
			productName = SlideDM;
			productReference = 487724D92207AC0900725DF8 /* SlideDM.app */;
			productType = "com.apple.product-type.application";
		};
		487724EC2207AC0A00725DF8 /* SlideDMTests */ = {
			isa = PBXNativeTarget;
			buildConfigurationList = 487725042207AC0A00725DF8 /* Build configuration list for PBXNativeTarget "SlideDMTests" */;
			buildPhases = (
				991D8F41AC43322D3515AF22 /* [CP] Check Pods Manifest.lock */,
				487724E92207AC0A00725DF8 /* Sources */,
				487724EA2207AC0A00725DF8 /* Frameworks */,
				487724EB2207AC0A00725DF8 /* Resources */,
			);
			buildRules = (
			);
			dependencies = (
				487724EF2207AC0A00725DF8 /* PBXTargetDependency */,
			);
			name = SlideDMTests;
			productName = SlideDMTests;
			productReference = 487724ED2207AC0A00725DF8 /* SlideDMTests.xctest */;
			productType = "com.apple.product-type.bundle.unit-test";
		};
		487724F72207AC0A00725DF8 /* SlideDMUITests */ = {
			isa = PBXNativeTarget;
			buildConfigurationList = 487725072207AC0A00725DF8 /* Build configuration list for PBXNativeTarget "SlideDMUITests" */;
			buildPhases = (
				2588EA1D772BE51E69A672DE /* [CP] Check Pods Manifest.lock */,
				487724F42207AC0A00725DF8 /* Sources */,
				487724F52207AC0A00725DF8 /* Frameworks */,
				487724F62207AC0A00725DF8 /* Resources */,
			);
			buildRules = (
			);
			dependencies = (
				487724FA2207AC0A00725DF8 /* PBXTargetDependency */,
			);
			name = SlideDMUITests;
			productName = SlideDMUITests;
			productReference = 487724F82207AC0A00725DF8 /* SlideDMUITests.xctest */;
			productType = "com.apple.product-type.bundle.ui-testing";
		};
/* End PBXNativeTarget section */

/* Begin PBXProject section */
		487724D12207AC0900725DF8 /* Project object */ = {
			isa = PBXProject;
			attributes = {
				LastSwiftUpdateCheck = 1010;
				LastUpgradeCheck = 1010;
				ORGANIZATIONNAME = "Eric LaBouve";
				TargetAttributes = {
					487724D82207AC0900725DF8 = {
						CreatedOnToolsVersion = 10.1;
						SystemCapabilities = {
							com.apple.Keychain = {
								enabled = 1;
							};
						};
					};
					487724EC2207AC0A00725DF8 = {
						CreatedOnToolsVersion = 10.1;
						TestTargetID = 487724D82207AC0900725DF8;
					};
					487724F72207AC0A00725DF8 = {
						CreatedOnToolsVersion = 10.1;
						TestTargetID = 487724D82207AC0900725DF8;
					};
				};
			};
			buildConfigurationList = 487724D42207AC0900725DF8 /* Build configuration list for PBXProject "SlideDM" */;
			compatibilityVersion = "Xcode 9.3";
			developmentRegion = en;
			hasScannedForEncodings = 0;
			knownRegions = (
				en,
				Base,
			);
			mainGroup = 487724D02207AC0900725DF8;
			productRefGroup = 487724DA2207AC0900725DF8 /* Products */;
			projectDirPath = "";
			projectRoot = "";
			targets = (
				487724D82207AC0900725DF8 /* SlideDM */,
				487724EC2207AC0A00725DF8 /* SlideDMTests */,
				487724F72207AC0A00725DF8 /* SlideDMUITests */,
			);
		};
/* End PBXProject section */

/* Begin PBXResourcesBuildPhase section */
		487724D72207AC0900725DF8 /* Resources */ = {
			isa = PBXResourcesBuildPhase;
			buildActionMask = 2147483647;
			files = (
				487724E72207AC0A00725DF8 /* LaunchScreen.storyboard in Resources */,
				487724E42207AC0A00725DF8 /* Assets.xcassets in Resources */,
				487724E22207AC0900725DF8 /* Main.storyboard in Resources */,
			);
			runOnlyForDeploymentPostprocessing = 0;
		};
		487724EB2207AC0A00725DF8 /* Resources */ = {
			isa = PBXResourcesBuildPhase;
			buildActionMask = 2147483647;
			files = (
			);
			runOnlyForDeploymentPostprocessing = 0;
		};
		487724F62207AC0A00725DF8 /* Resources */ = {
			isa = PBXResourcesBuildPhase;
			buildActionMask = 2147483647;
			files = (
			);
			runOnlyForDeploymentPostprocessing = 0;
		};
/* End PBXResourcesBuildPhase section */

/* Begin PBXShellScriptBuildPhase section */
		2588EA1D772BE51E69A672DE /* [CP] Check Pods Manifest.lock */ = {
			isa = PBXShellScriptBuildPhase;
			buildActionMask = 2147483647;
			files = (
			);
			inputPaths = (
				"${PODS_PODFILE_DIR_PATH}/Podfile.lock",
				"${PODS_ROOT}/Manifest.lock",
			);
			name = "[CP] Check Pods Manifest.lock";
			outputPaths = (
				"$(DERIVED_FILE_DIR)/Pods-SlideDMUITests-checkManifestLockResult.txt",
			);
			runOnlyForDeploymentPostprocessing = 0;
			shellPath = /bin/sh;
			shellScript = "diff \"${PODS_PODFILE_DIR_PATH}/Podfile.lock\" \"${PODS_ROOT}/Manifest.lock\" > /dev/null\nif [ $? != 0 ] ; then\n    # print error to STDERR\n    echo \"error: The sandbox is not in sync with the Podfile.lock. Run 'pod install' or update your CocoaPods installation.\" >&2\n    exit 1\nfi\n# This output is used by Xcode 'outputs' to avoid re-running this script phase.\necho \"SUCCESS\" > \"${SCRIPT_OUTPUT_FILE_0}\"\n";
			showEnvVarsInLog = 0;
		};
		8010002E2DCB1CB9C92E3E4B /* [CP] Embed Pods Frameworks */ = {
			isa = PBXShellScriptBuildPhase;
			buildActionMask = 2147483647;
			files = (
			);
			inputPaths = (
				"${SRCROOT}/Pods/Target Support Files/Pods-SlideDM/Pods-SlideDM-frameworks.sh",
				"${BUILT_PRODUCTS_DIR}/Bolts/Bolts.framework",
				"${BUILT_PRODUCTS_DIR}/CryptoSwift/CryptoSwift.framework",
				"${BUILT_PRODUCTS_DIR}/FBSDKCoreKit/FBSDKCoreKit.framework",
				"${BUILT_PRODUCTS_DIR}/FBSDKLoginKit/FBSDKLoginKit.framework",
				"${BUILT_PRODUCTS_DIR}/FBSDKShareKit/FBSDKShareKit.framework",
				"${BUILT_PRODUCTS_DIR}/FacebookCore/FacebookCore.framework",
				"${BUILT_PRODUCTS_DIR}/FacebookLogin/FacebookLogin.framework",
				"${BUILT_PRODUCTS_DIR}/FacebookShare/FacebookShare.framework",
			);
			name = "[CP] Embed Pods Frameworks";
			outputPaths = (
				"${TARGET_BUILD_DIR}/${FRAMEWORKS_FOLDER_PATH}/Bolts.framework",
				"${TARGET_BUILD_DIR}/${FRAMEWORKS_FOLDER_PATH}/CryptoSwift.framework",
				"${TARGET_BUILD_DIR}/${FRAMEWORKS_FOLDER_PATH}/FBSDKCoreKit.framework",
				"${TARGET_BUILD_DIR}/${FRAMEWORKS_FOLDER_PATH}/FBSDKLoginKit.framework",
				"${TARGET_BUILD_DIR}/${FRAMEWORKS_FOLDER_PATH}/FBSDKShareKit.framework",
				"${TARGET_BUILD_DIR}/${FRAMEWORKS_FOLDER_PATH}/FacebookCore.framework",
				"${TARGET_BUILD_DIR}/${FRAMEWORKS_FOLDER_PATH}/FacebookLogin.framework",
				"${TARGET_BUILD_DIR}/${FRAMEWORKS_FOLDER_PATH}/FacebookShare.framework",
			);
			runOnlyForDeploymentPostprocessing = 0;
			shellPath = /bin/sh;
			shellScript = "\"${SRCROOT}/Pods/Target Support Files/Pods-SlideDM/Pods-SlideDM-frameworks.sh\"\n";
			showEnvVarsInLog = 0;
		};
		991D8F41AC43322D3515AF22 /* [CP] Check Pods Manifest.lock */ = {
			isa = PBXShellScriptBuildPhase;
			buildActionMask = 2147483647;
			files = (
			);
			inputPaths = (
				"${PODS_PODFILE_DIR_PATH}/Podfile.lock",
				"${PODS_ROOT}/Manifest.lock",
			);
			name = "[CP] Check Pods Manifest.lock";
			outputPaths = (
				"$(DERIVED_FILE_DIR)/Pods-SlideDMTests-checkManifestLockResult.txt",
			);
			runOnlyForDeploymentPostprocessing = 0;
			shellPath = /bin/sh;
			shellScript = "diff \"${PODS_PODFILE_DIR_PATH}/Podfile.lock\" \"${PODS_ROOT}/Manifest.lock\" > /dev/null\nif [ $? != 0 ] ; then\n    # print error to STDERR\n    echo \"error: The sandbox is not in sync with the Podfile.lock. Run 'pod install' or update your CocoaPods installation.\" >&2\n    exit 1\nfi\n# This output is used by Xcode 'outputs' to avoid re-running this script phase.\necho \"SUCCESS\" > \"${SCRIPT_OUTPUT_FILE_0}\"\n";
			showEnvVarsInLog = 0;
		};
		C955D4E1F52CAB45F64BDEA2 /* [CP] Check Pods Manifest.lock */ = {
			isa = PBXShellScriptBuildPhase;
			buildActionMask = 2147483647;
			files = (
			);
			inputPaths = (
				"${PODS_PODFILE_DIR_PATH}/Podfile.lock",
				"${PODS_ROOT}/Manifest.lock",
			);
			name = "[CP] Check Pods Manifest.lock";
			outputPaths = (
				"$(DERIVED_FILE_DIR)/Pods-SlideDM-checkManifestLockResult.txt",
			);
			runOnlyForDeploymentPostprocessing = 0;
			shellPath = /bin/sh;
			shellScript = "diff \"${PODS_PODFILE_DIR_PATH}/Podfile.lock\" \"${PODS_ROOT}/Manifest.lock\" > /dev/null\nif [ $? != 0 ] ; then\n    # print error to STDERR\n    echo \"error: The sandbox is not in sync with the Podfile.lock. Run 'pod install' or update your CocoaPods installation.\" >&2\n    exit 1\nfi\n# This output is used by Xcode 'outputs' to avoid re-running this script phase.\necho \"SUCCESS\" > \"${SCRIPT_OUTPUT_FILE_0}\"\n";
			showEnvVarsInLog = 0;
		};
/* End PBXShellScriptBuildPhase section */

/* Begin PBXSourcesBuildPhase section */
		487724D52207AC0900725DF8 /* Sources */ = {
			isa = PBXSourcesBuildPhase;
			buildActionMask = 2147483647;
			files = (
				482617D3220D40AC006398EE /* Contact.swift in Sources */,
				487724DF2207AC0900725DF8 /* LoginViewController.swift in Sources */,
				487724DD2207AC0900725DF8 /* AppDelegate.swift in Sources */,
			);
			runOnlyForDeploymentPostprocessing = 0;
		};
		487724E92207AC0A00725DF8 /* Sources */ = {
			isa = PBXSourcesBuildPhase;
			buildActionMask = 2147483647;
			files = (
				487724F22207AC0A00725DF8 /* SlideDMTests.swift in Sources */,
			);
			runOnlyForDeploymentPostprocessing = 0;
		};
		487724F42207AC0A00725DF8 /* Sources */ = {
			isa = PBXSourcesBuildPhase;
			buildActionMask = 2147483647;
			files = (
				487724FD2207AC0A00725DF8 /* SlideDMUITests.swift in Sources */,
			);
			runOnlyForDeploymentPostprocessing = 0;
		};
/* End PBXSourcesBuildPhase section */

/* Begin PBXTargetDependency section */
		487724EF2207AC0A00725DF8 /* PBXTargetDependency */ = {
			isa = PBXTargetDependency;
			target = 487724D82207AC0900725DF8 /* SlideDM */;
			targetProxy = 487724EE2207AC0A00725DF8 /* PBXContainerItemProxy */;
		};
		487724FA2207AC0A00725DF8 /* PBXTargetDependency */ = {
			isa = PBXTargetDependency;
			target = 487724D82207AC0900725DF8 /* SlideDM */;
			targetProxy = 487724F92207AC0A00725DF8 /* PBXContainerItemProxy */;
		};
/* End PBXTargetDependency section */

/* Begin PBXVariantGroup section */
		487724E02207AC0900725DF8 /* Main.storyboard */ = {
			isa = PBXVariantGroup;
			children = (
				487724E12207AC0900725DF8 /* Base */,
			);
			name = Main.storyboard;
			sourceTree = "<group>";
		};
		487724E52207AC0A00725DF8 /* LaunchScreen.storyboard */ = {
			isa = PBXVariantGroup;
			children = (
				487724E62207AC0A00725DF8 /* Base */,
			);
			name = LaunchScreen.storyboard;
			sourceTree = "<group>";
		};
/* End PBXVariantGroup section */

/* Begin XCBuildConfiguration section */
		487724FF2207AC0A00725DF8 /* Debug */ = {
			isa = XCBuildConfiguration;
			buildSettings = {
				ALWAYS_SEARCH_USER_PATHS = NO;
				CLANG_ANALYZER_NONNULL = YES;
				CLANG_ANALYZER_NUMBER_OBJECT_CONVERSION = YES_AGGRESSIVE;
				CLANG_CXX_LANGUAGE_STANDARD = "gnu++14";
				CLANG_CXX_LIBRARY = "libc++";
				CLANG_ENABLE_MODULES = YES;
				CLANG_ENABLE_OBJC_ARC = YES;
				CLANG_ENABLE_OBJC_WEAK = YES;
				CLANG_WARN_BLOCK_CAPTURE_AUTORELEASING = YES;
				CLANG_WARN_BOOL_CONVERSION = YES;
				CLANG_WARN_COMMA = YES;
				CLANG_WARN_CONSTANT_CONVERSION = YES;
				CLANG_WARN_DEPRECATED_OBJC_IMPLEMENTATIONS = YES;
				CLANG_WARN_DIRECT_OBJC_ISA_USAGE = YES_ERROR;
				CLANG_WARN_DOCUMENTATION_COMMENTS = YES;
				CLANG_WARN_EMPTY_BODY = YES;
				CLANG_WARN_ENUM_CONVERSION = YES;
				CLANG_WARN_INFINITE_RECURSION = YES;
				CLANG_WARN_INT_CONVERSION = YES;
				CLANG_WARN_NON_LITERAL_NULL_CONVERSION = YES;
				CLANG_WARN_OBJC_IMPLICIT_RETAIN_SELF = YES;
				CLANG_WARN_OBJC_LITERAL_CONVERSION = YES;
				CLANG_WARN_OBJC_ROOT_CLASS = YES_ERROR;
				CLANG_WARN_RANGE_LOOP_ANALYSIS = YES;
				CLANG_WARN_STRICT_PROTOTYPES = YES;
				CLANG_WARN_SUSPICIOUS_MOVE = YES;
				CLANG_WARN_UNGUARDED_AVAILABILITY = YES_AGGRESSIVE;
				CLANG_WARN_UNREACHABLE_CODE = YES;
				CLANG_WARN__DUPLICATE_METHOD_MATCH = YES;
				CODE_SIGN_IDENTITY = "iPhone Developer";
				COPY_PHASE_STRIP = NO;
				DEBUG_INFORMATION_FORMAT = dwarf;
				ENABLE_STRICT_OBJC_MSGSEND = YES;
				ENABLE_TESTABILITY = YES;
				GCC_C_LANGUAGE_STANDARD = gnu11;
				GCC_DYNAMIC_NO_PIC = NO;
				GCC_NO_COMMON_BLOCKS = YES;
				GCC_OPTIMIZATION_LEVEL = 0;
				GCC_PREPROCESSOR_DEFINITIONS = (
					"DEBUG=1",
					"$(inherited)",
				);
				GCC_WARN_64_TO_32_BIT_CONVERSION = YES;
				GCC_WARN_ABOUT_RETURN_TYPE = YES_ERROR;
				GCC_WARN_UNDECLARED_SELECTOR = YES;
				GCC_WARN_UNINITIALIZED_AUTOS = YES_AGGRESSIVE;
				GCC_WARN_UNUSED_FUNCTION = YES;
				GCC_WARN_UNUSED_VARIABLE = YES;
				IPHONEOS_DEPLOYMENT_TARGET = 12.1;
				MTL_ENABLE_DEBUG_INFO = INCLUDE_SOURCE;
				MTL_FAST_MATH = YES;
				ONLY_ACTIVE_ARCH = YES;
				SDKROOT = iphoneos;
				SWIFT_ACTIVE_COMPILATION_CONDITIONS = DEBUG;
				SWIFT_OPTIMIZATION_LEVEL = "-Onone";
			};
			name = Debug;
		};
		487725002207AC0A00725DF8 /* Release */ = {
			isa = XCBuildConfiguration;
			buildSettings = {
				ALWAYS_SEARCH_USER_PATHS = NO;
				CLANG_ANALYZER_NONNULL = YES;
				CLANG_ANALYZER_NUMBER_OBJECT_CONVERSION = YES_AGGRESSIVE;
				CLANG_CXX_LANGUAGE_STANDARD = "gnu++14";
				CLANG_CXX_LIBRARY = "libc++";
				CLANG_ENABLE_MODULES = YES;
				CLANG_ENABLE_OBJC_ARC = YES;
				CLANG_ENABLE_OBJC_WEAK = YES;
				CLANG_WARN_BLOCK_CAPTURE_AUTORELEASING = YES;
				CLANG_WARN_BOOL_CONVERSION = YES;
				CLANG_WARN_COMMA = YES;
				CLANG_WARN_CONSTANT_CONVERSION = YES;
				CLANG_WARN_DEPRECATED_OBJC_IMPLEMENTATIONS = YES;
				CLANG_WARN_DIRECT_OBJC_ISA_USAGE = YES_ERROR;
				CLANG_WARN_DOCUMENTATION_COMMENTS = YES;
				CLANG_WARN_EMPTY_BODY = YES;
				CLANG_WARN_ENUM_CONVERSION = YES;
				CLANG_WARN_INFINITE_RECURSION = YES;
				CLANG_WARN_INT_CONVERSION = YES;
				CLANG_WARN_NON_LITERAL_NULL_CONVERSION = YES;
				CLANG_WARN_OBJC_IMPLICIT_RETAIN_SELF = YES;
				CLANG_WARN_OBJC_LITERAL_CONVERSION = YES;
				CLANG_WARN_OBJC_ROOT_CLASS = YES_ERROR;
				CLANG_WARN_RANGE_LOOP_ANALYSIS = YES;
				CLANG_WARN_STRICT_PROTOTYPES = YES;
				CLANG_WARN_SUSPICIOUS_MOVE = YES;
				CLANG_WARN_UNGUARDED_AVAILABILITY = YES_AGGRESSIVE;
				CLANG_WARN_UNREACHABLE_CODE = YES;
				CLANG_WARN__DUPLICATE_METHOD_MATCH = YES;
				CODE_SIGN_IDENTITY = "iPhone Developer";
				COPY_PHASE_STRIP = NO;
				DEBUG_INFORMATION_FORMAT = "dwarf-with-dsym";
				ENABLE_NS_ASSERTIONS = NO;
				ENABLE_STRICT_OBJC_MSGSEND = YES;
				GCC_C_LANGUAGE_STANDARD = gnu11;
				GCC_NO_COMMON_BLOCKS = YES;
				GCC_WARN_64_TO_32_BIT_CONVERSION = YES;
				GCC_WARN_ABOUT_RETURN_TYPE = YES_ERROR;
				GCC_WARN_UNDECLARED_SELECTOR = YES;
				GCC_WARN_UNINITIALIZED_AUTOS = YES_AGGRESSIVE;
				GCC_WARN_UNUSED_FUNCTION = YES;
				GCC_WARN_UNUSED_VARIABLE = YES;
				IPHONEOS_DEPLOYMENT_TARGET = 12.1;
				MTL_ENABLE_DEBUG_INFO = NO;
				MTL_FAST_MATH = YES;
				SDKROOT = iphoneos;
				SWIFT_COMPILATION_MODE = wholemodule;
				SWIFT_OPTIMIZATION_LEVEL = "-O";
				VALIDATE_PRODUCT = YES;
			};
			name = Release;
		};
		487725022207AC0A00725DF8 /* Debug */ = {
			isa = XCBuildConfiguration;
			baseConfigurationReference = 9276D9F2A567B580322933BF /* Pods-SlideDM.debug.xcconfig */;
			buildSettings = {
				ASSETCATALOG_COMPILER_APPICON_NAME = AppIcon;
				CODE_SIGN_ENTITLEMENTS = SlideDM/SlideDM.entitlements;
				CODE_SIGN_STYLE = Automatic;
				DEVELOPMENT_TEAM = CFV4L22XZM;
				INFOPLIST_FILE = SlideDM/Info.plist;
				LD_RUNPATH_SEARCH_PATHS = (
					"$(inherited)",
					"@executable_path/Frameworks",
				);
				PRODUCT_BUNDLE_IDENTIFIER = elabouve.SlideDM;
				PRODUCT_NAME = "$(TARGET_NAME)";
				SWIFT_OBJC_BRIDGING_HEADER = "";
				SWIFT_VERSION = 4.2;
				TARGETED_DEVICE_FAMILY = "1,2";
			};
			name = Debug;
		};
		487725032207AC0A00725DF8 /* Release */ = {
			isa = XCBuildConfiguration;
			baseConfigurationReference = 8FDF67B3E38E2B4A604EAEC2 /* Pods-SlideDM.release.xcconfig */;
			buildSettings = {
				ASSETCATALOG_COMPILER_APPICON_NAME = AppIcon;
				CODE_SIGN_ENTITLEMENTS = SlideDM/SlideDM.entitlements;
				CODE_SIGN_STYLE = Automatic;
				DEVELOPMENT_TEAM = CFV4L22XZM;
				INFOPLIST_FILE = SlideDM/Info.plist;
				LD_RUNPATH_SEARCH_PATHS = (
					"$(inherited)",
					"@executable_path/Frameworks",
				);
				PRODUCT_BUNDLE_IDENTIFIER = elabouve.SlideDM;
				PRODUCT_NAME = "$(TARGET_NAME)";
				SWIFT_OBJC_BRIDGING_HEADER = "";
				SWIFT_VERSION = 4.2;
				TARGETED_DEVICE_FAMILY = "1,2";
			};
			name = Release;
		};
		487725052207AC0A00725DF8 /* Debug */ = {
			isa = XCBuildConfiguration;
			baseConfigurationReference = 8E117561F6FA9349F3F62CCD /* Pods-SlideDMTests.debug.xcconfig */;
			buildSettings = {
				ALWAYS_EMBED_SWIFT_STANDARD_LIBRARIES = YES;
				BUNDLE_LOADER = "$(TEST_HOST)";
				CODE_SIGN_STYLE = Automatic;
				INFOPLIST_FILE = SlideDMTests/Info.plist;
				LD_RUNPATH_SEARCH_PATHS = (
					"$(inherited)",
					"@executable_path/Frameworks",
					"@loader_path/Frameworks",
				);
				PRODUCT_BUNDLE_IDENTIFIER = elabouve.SlideDMTests;
				PRODUCT_NAME = "$(TARGET_NAME)";
				SWIFT_VERSION = 4.2;
				TARGETED_DEVICE_FAMILY = "1,2";
				TEST_HOST = "$(BUILT_PRODUCTS_DIR)/SlideDM.app/SlideDM";
			};
			name = Debug;
		};
		487725062207AC0A00725DF8 /* Release */ = {
			isa = XCBuildConfiguration;
			baseConfigurationReference = BAF5E4227F8DE7CB09F3B4E4 /* Pods-SlideDMTests.release.xcconfig */;
			buildSettings = {
				ALWAYS_EMBED_SWIFT_STANDARD_LIBRARIES = YES;
				BUNDLE_LOADER = "$(TEST_HOST)";
				CODE_SIGN_STYLE = Automatic;
				INFOPLIST_FILE = SlideDMTests/Info.plist;
				LD_RUNPATH_SEARCH_PATHS = (
					"$(inherited)",
					"@executable_path/Frameworks",
					"@loader_path/Frameworks",
				);
				PRODUCT_BUNDLE_IDENTIFIER = elabouve.SlideDMTests;
				PRODUCT_NAME = "$(TARGET_NAME)";
				SWIFT_VERSION = 4.2;
				TARGETED_DEVICE_FAMILY = "1,2";
				TEST_HOST = "$(BUILT_PRODUCTS_DIR)/SlideDM.app/SlideDM";
			};
			name = Release;
		};
		487725082207AC0A00725DF8 /* Debug */ = {
			isa = XCBuildConfiguration;
			baseConfigurationReference = CB09212DDF60CF831948F9B0 /* Pods-SlideDMUITests.debug.xcconfig */;
			buildSettings = {
				ALWAYS_EMBED_SWIFT_STANDARD_LIBRARIES = YES;
				CODE_SIGN_STYLE = Automatic;
				INFOPLIST_FILE = SlideDMUITests/Info.plist;
				LD_RUNPATH_SEARCH_PATHS = (
					"$(inherited)",
					"@executable_path/Frameworks",
					"@loader_path/Frameworks",
				);
				PRODUCT_BUNDLE_IDENTIFIER = elabouve.SlideDMUITests;
				PRODUCT_NAME = "$(TARGET_NAME)";
				SWIFT_VERSION = 4.2;
				TARGETED_DEVICE_FAMILY = "1,2";
				TEST_TARGET_NAME = SlideDM;
			};
			name = Debug;
		};
		487725092207AC0A00725DF8 /* Release */ = {
			isa = XCBuildConfiguration;
			baseConfigurationReference = F0686C635F09B48567C91106 /* Pods-SlideDMUITests.release.xcconfig */;
			buildSettings = {
				ALWAYS_EMBED_SWIFT_STANDARD_LIBRARIES = YES;
				CODE_SIGN_STYLE = Automatic;
				INFOPLIST_FILE = SlideDMUITests/Info.plist;
				LD_RUNPATH_SEARCH_PATHS = (
					"$(inherited)",
					"@executable_path/Frameworks",
					"@loader_path/Frameworks",
				);
				PRODUCT_BUNDLE_IDENTIFIER = elabouve.SlideDMUITests;
				PRODUCT_NAME = "$(TARGET_NAME)";
				SWIFT_VERSION = 4.2;
				TARGETED_DEVICE_FAMILY = "1,2";
				TEST_TARGET_NAME = SlideDM;
			};
			name = Release;
		};
/* End XCBuildConfiguration section */

/* Begin XCConfigurationList section */
		487724D42207AC0900725DF8 /* Build configuration list for PBXProject "SlideDM" */ = {
			isa = XCConfigurationList;
			buildConfigurations = (
				487724FF2207AC0A00725DF8 /* Debug */,
				487725002207AC0A00725DF8 /* Release */,
			);
			defaultConfigurationIsVisible = 0;
			defaultConfigurationName = Release;
		};
		487725012207AC0A00725DF8 /* Build configuration list for PBXNativeTarget "SlideDM" */ = {
			isa = XCConfigurationList;
			buildConfigurations = (
				487725022207AC0A00725DF8 /* Debug */,
				487725032207AC0A00725DF8 /* Release */,
			);
			defaultConfigurationIsVisible = 0;
			defaultConfigurationName = Release;
		};
		487725042207AC0A00725DF8 /* Build configuration list for PBXNativeTarget "SlideDMTests" */ = {
			isa = XCConfigurationList;
			buildConfigurations = (
				487725052207AC0A00725DF8 /* Debug */,
				487725062207AC0A00725DF8 /* Release */,
			);
			defaultConfigurationIsVisible = 0;
			defaultConfigurationName = Release;
		};
		487725072207AC0A00725DF8 /* Build configuration list for PBXNativeTarget "SlideDMUITests" */ = {
			isa = XCConfigurationList;
			buildConfigurations = (
				487725082207AC0A00725DF8 /* Debug */,
				487725092207AC0A00725DF8 /* Release */,
			);
			defaultConfigurationIsVisible = 0;
			defaultConfigurationName = Release;
		};
/* End XCConfigurationList section */
	};
	rootObject = 487724D12207AC0900725DF8 /* Project object */;
}
